
Microsoft Visual Studio Solution File, Format Version 12.00
# Visual Studio 15
VisualStudioVersion = 15.0.27428.2015
MinimumVisualStudioVersion = 10.0.40219.1
Project("{FAE04EC0-301F-11D3-BF4B-00C04F79EFBC}") = "InspectTool", "InspectTool\InspectTool.csproj", "{0892357F-0A07-4D29-8AF2-28A00D31097F}"
EndProject
Project("{FAE04EC0-301F-11D3-BF4B-00C04F79EFBC}") = "SandboxConduitTool", "SandboxConduitTool\SandboxConduitTool.csproj", "{52220EF4-EB56-4D79-9F9E-EF90E47E3338}"
EndProject
Project("{FAE04EC0-301F-11D3-BF4B-00C04F79EFBC}") = "EUtil", "EUtil\EUtil.csproj", "{61279AA6-7D9E-4299-9AD9-6709CFE8FAB5}"
EndProject
Global
	GlobalSection(SolutionConfigurationPlatforms) = preSolution
		Debug|Any CPU = Debug|Any CPU
		Release|Any CPU = Release|Any CPU
	EndGlobalSection
	GlobalSection(ProjectConfigurationPlatforms) = postSolution
		{0892357F-0A07-4D29-8AF2-28A00D31097F}.Debug|Any CPU.ActiveCfg = Debug|Any CPU
		{0892357F-0A07-4D29-8AF2-28A00D31097F}.Debug|Any CPU.Build.0 = Debug|Any CPU
		{0892357F-0A07-4D29-8AF2-28A00D31097F}.Release|Any CPU.ActiveCfg = Release|Any CPU
		{0892357F-0A07-4D29-8AF2-28A00D31097F}.Release|Any CPU.Build.0 = Release|Any CPU
		{52220EF4-EB56-4D79-9F9E-EF90E47E3338}.Debug|Any CPU.ActiveCfg = Debug|Any CPU
		{52220EF4-EB56-4D79-9F9E-EF90E47E3338}.Debug|Any CPU.Build.0 = Debug|Any CPU
		{52220EF4-EB56-4D79-9F9E-EF90E47E3338}.Release|Any CPU.ActiveCfg = Release|Any CPU
		{52220EF4-EB56-4D79-9F9E-EF90E47E3338}.Release|Any CPU.Build.0 = Release|Any CPU
		{61279AA6-7D9E-4299-9AD9-6709CFE8FAB5}.Debug|Any CPU.ActiveCfg = Debug|Any CPU
		{61279AA6-7D9E-4299-9AD9-6709CFE8FAB5}.Debug|Any CPU.Build.0 = Debug|Any CPU
		{61279AA6-7D9E-4299-9AD9-6709CFE8FAB5}.Release|Any CPU.ActiveCfg = Release|Any CPU
		{61279AA6-7D9E-4299-9AD9-6709CFE8FAB5}.Release|Any CPU.Build.0 = Release|Any CPU
	EndGlobalSection
	GlobalSection(SolutionProperties) = preSolution
		HideSolutionNode = FALSE
	EndGlobalSection
	GlobalSection(ExtensibilityGlobals) = postSolution
		SolutionGuid = {147D7BD8-F38E-4ABE-931E-22CC197011D2}
	EndGlobalSection
EndGlobal
